
Microsoft Visual Studio Solution File, Format Version 12.00
# Visual Studio 15
VisualStudioVersion = 15.0.28010.2026
MinimumVisualStudioVersion = 10.0.40219.1
Project("{8BC9CEB8-8B4A-11D0-8D11-00A0C91BC942}") = "SZ_Socket_windows", "SZ_Socket_windows\SZ_Socket_windows.vcxproj", "{BB520C55-C173-40CF-8A99-275658DB47B7}"
EndProject
Project("{8BC9CEB8-8B4A-11D0-8D11-00A0C91BC942}") = "SZ_Socket_linux", "SZ_Socket_linux\SZ_Socket_linux.vcxproj", "{E96BDD6D-CAE2-4463-837E-594BF2143C94}"
EndProject
Project("{8BC9CEB8-8B4A-11D0-8D11-00A0C91BC942}") = "http_server", "tests\http_server\http_server.vcxproj", "{23ED08B4-A886-4BD2-842F-359D4A1FB57A}"
EndProject
Project("{8BC9CEB8-8B4A-11D0-8D11-00A0C91BC942}") = "client", "tests\client\client.vcxproj", "{CBA7A506-53C1-4E63-8A78-DAA24F4D623C}"
EndProject
Global
	GlobalSection(SolutionConfigurationPlatforms) = preSolution
		Debug|ARM = Debug|ARM
		Debug|ARM64 = Debug|ARM64
		Debug|x64 = Debug|x64
		Debug|x86 = Debug|x86
		Release|ARM = Release|ARM
		Release|ARM64 = Release|ARM64
		Release|x64 = Release|x64
		Release|x86 = Release|x86
	EndGlobalSection
	GlobalSection(ProjectConfigurationPlatforms) = postSolution
		{BB520C55-C173-40CF-8A99-275658DB47B7}.Debug|ARM.ActiveCfg = Debug|Win32
		{BB520C55-C173-40CF-8A99-275658DB47B7}.Debug|ARM64.ActiveCfg = Debug|Win32
		{BB520C55-C173-40CF-8A99-275658DB47B7}.Debug|x64.ActiveCfg = Debug|x64
		{BB520C55-C173-40CF-8A99-275658DB47B7}.Debug|x64.Build.0 = Debug|x64
		{BB520C55-C173-40CF-8A99-275658DB47B7}.Debug|x86.ActiveCfg = Debug|Win32
		{BB520C55-C173-40CF-8A99-275658DB47B7}.Debug|x86.Build.0 = Debug|Win32
		{BB520C55-C173-40CF-8A99-275658DB47B7}.Release|ARM.ActiveCfg = Release|Win32
		{BB520C55-C173-40CF-8A99-275658DB47B7}.Release|ARM64.ActiveCfg = Release|Win32
		{BB520C55-C173-40CF-8A99-275658DB47B7}.Release|x64.ActiveCfg = Release|x64
		{BB520C55-C173-40CF-8A99-275658DB47B7}.Release|x64.Build.0 = Release|x64
		{BB520C55-C173-40CF-8A99-275658DB47B7}.Release|x86.ActiveCfg = Release|Win32
		{BB520C55-C173-40CF-8A99-275658DB47B7}.Release|x86.Build.0 = Release|Win32
		{E96BDD6D-CAE2-4463-837E-594BF2143C94}.Debug|ARM.ActiveCfg = Debug|ARM
		{E96BDD6D-CAE2-4463-837E-594BF2143C94}.Debug|ARM.Build.0 = Debug|ARM
		{E96BDD6D-CAE2-4463-837E-594BF2143C94}.Debug|ARM64.ActiveCfg = Debug|ARM64
		{E96BDD6D-CAE2-4463-837E-594BF2143C94}.Debug|ARM64.Build.0 = Debug|ARM64
		{E96BDD6D-CAE2-4463-837E-594BF2143C94}.Debug|x64.ActiveCfg = Debug|x64
		{E96BDD6D-CAE2-4463-837E-594BF2143C94}.Debug|x64.Build.0 = Debug|x64
		{E96BDD6D-CAE2-4463-837E-594BF2143C94}.Debug|x86.ActiveCfg = Debug|x86
		{E96BDD6D-CAE2-4463-837E-594BF2143C94}.Debug|x86.Build.0 = Debug|x86
		{E96BDD6D-CAE2-4463-837E-594BF2143C94}.Release|ARM.ActiveCfg = Release|ARM
		{E96BDD6D-CAE2-4463-837E-594BF2143C94}.Release|ARM.Build.0 = Release|ARM
		{E96BDD6D-CAE2-4463-837E-594BF2143C94}.Release|ARM64.ActiveCfg = Release|ARM64
		{E96BDD6D-CAE2-4463-837E-594BF2143C94}.Release|ARM64.Build.0 = Release|ARM64
		{E96BDD6D-CAE2-4463-837E-594BF2143C94}.Release|x64.ActiveCfg = Release|x64
		{E96BDD6D-CAE2-4463-837E-594BF2143C94}.Release|x64.Build.0 = Release|x64
		{E96BDD6D-CAE2-4463-837E-594BF2143C94}.Release|x86.ActiveCfg = Release|x86
		{E96BDD6D-CAE2-4463-837E-594BF2143C94}.Release|x86.Build.0 = Release|x86
		{23ED08B4-A886-4BD2-842F-359D4A1FB57A}.Debug|ARM.ActiveCfg = Debug|Win32
		{23ED08B4-A886-4BD2-842F-359D4A1FB57A}.Debug|ARM64.ActiveCfg = Debug|Win32
		{23ED08B4-A886-4BD2-842F-359D4A1FB57A}.Debug|x64.ActiveCfg = Debug|x64
		{23ED08B4-A886-4BD2-842F-359D4A1FB57A}.Debug|x64.Build.0 = Debug|x64
		{23ED08B4-A886-4BD2-842F-359D4A1FB57A}.Debug|x86.ActiveCfg = Debug|Win32
		{23ED08B4-A886-4BD2-842F-359D4A1FB57A}.Debug|x86.Build.0 = Debug|Win32
		{23ED08B4-A886-4BD2-842F-359D4A1FB57A}.Release|ARM.ActiveCfg = Release|Win32
		{23ED08B4-A886-4BD2-842F-359D4A1FB57A}.Release|ARM64.ActiveCfg = Release|Win32
		{23ED08B4-A886-4BD2-842F-359D4A1FB57A}.Release|x64.ActiveCfg = Release|x64
		{23ED08B4-A886-4BD2-842F-359D4A1FB57A}.Release|x64.Build.0 = Release|x64
		{23ED08B4-A886-4BD2-842F-359D4A1FB57A}.Release|x86.ActiveCfg = Release|Win32
		{23ED08B4-A886-4BD2-842F-359D4A1FB57A}.Release|x86.Build.0 = Release|Win32
		{CBA7A506-53C1-4E63-8A78-DAA24F4D623C}.Debug|ARM.ActiveCfg = Debug|Win32
		{CBA7A506-53C1-4E63-8A78-DAA24F4D623C}.Debug|ARM64.ActiveCfg = Debug|Win32
		{CBA7A506-53C1-4E63-8A78-DAA24F4D623C}.Debug|x64.ActiveCfg = Debug|x64
		{CBA7A506-53C1-4E63-8A78-DAA24F4D623C}.Debug|x64.Build.0 = Debug|x64
		{CBA7A506-53C1-4E63-8A78-DAA24F4D623C}.Debug|x86.ActiveCfg = Debug|Win32
		{CBA7A506-53C1-4E63-8A78-DAA24F4D623C}.Debug|x86.Build.0 = Debug|Win32
		{CBA7A506-53C1-4E63-8A78-DAA24F4D623C}.Release|ARM.ActiveCfg = Release|Win32
		{CBA7A506-53C1-4E63-8A78-DAA24F4D623C}.Release|ARM64.ActiveCfg = Release|Win32
		{CBA7A506-53C1-4E63-8A78-DAA24F4D623C}.Release|x64.ActiveCfg = Release|x64
		{CBA7A506-53C1-4E63-8A78-DAA24F4D623C}.Release|x64.Build.0 = Release|x64
		{CBA7A506-53C1-4E63-8A78-DAA24F4D623C}.Release|x86.ActiveCfg = Release|Win32
		{CBA7A506-53C1-4E63-8A78-DAA24F4D623C}.Release|x86.Build.0 = Release|Win32
	EndGlobalSection
	GlobalSection(SolutionProperties) = preSolution
		HideSolutionNode = FALSE
	EndGlobalSection
	GlobalSection(ExtensibilityGlobals) = postSolution
		SolutionGuid = {F0003E1F-756D-4D32-9DC1-A37A4277263F}
	EndGlobalSection
EndGlobal
